
Microsoft Visual Studio Solution File, Format Version 12.00
# Visual Studio Version 17
VisualStudioVersion = 17.3.32825.248
MinimumVisualStudioVersion = 10.0.40219.1
Project("{FAE04EC0-301F-11D3-BF4B-00C04F79EFBC}") = "SongVePlaylistClassPractice", "SongVePlaylistClassPractice.csproj", "{81684890-357B-4AD6-84CE-35F6C0739539}"
EndProject
Global
	GlobalSection(SolutionConfigurationPlatforms) = preSolution
		Debug|Any CPU = Debug|Any CPU
		Release|Any CPU = Release|Any CPU
	EndGlobalSection
	GlobalSection(ProjectConfigurationPlatforms) = postSolution
		{81684890-357B-4AD6-84CE-35F6C0739539}.Debug|Any CPU.ActiveCfg = Debug|Any CPU
		{81684890-357B-4AD6-84CE-35F6C0739539}.Debug|Any CPU.Build.0 = Debug|Any CPU
		{81684890-357B-4AD6-84CE-35F6C0739539}.Release|Any CPU.ActiveCfg = Release|Any CPU
		{81684890-357B-4AD6-84CE-35F6C0739539}.Release|Any CPU.Build.0 = Release|Any CPU
	EndGlobalSection
	GlobalSection(SolutionProperties) = preSolution
		HideSolutionNode = FALSE
	EndGlobalSection
	GlobalSection(ExtensibilityGlobals) = postSolution
		SolutionGuid = {186517EE-3B5D-4E32-924A-45127AD43DF7}
	EndGlobalSection
EndGlobal
